<?xml version="1.0" encoding="utf-8"?>
<Project ToolsVersion="4.0" xmlns="http://schemas.microsoft.com/developer/msbuild/2003">
  <ItemGroup>
    <Filter Include="Framework">
      <UniqueIdentifier>{14250f70-c0b3-458f-baa0-c74b4a429799}</UniqueIdentifier>
    </Filter>
    <Filter Include="Framework\Headers">
      <UniqueIdentifier>{3c2f9064-5bfc-4ca1-91fc-09207f2e2389}</UniqueIdentifier>
    </Filter>
    <Filter Include="States">
      <UniqueIdentifier>{606eff54-6d6b-4e84-92ca-fb0dc25d3693}</UniqueIdentifier>
    </Filter>
    <Filter Include="GameObjects">
      <UniqueIdentifier>{4da2864b-f9a1-4f59-9861-c7ae59903d35}</UniqueIdentifier>
    </Filter>
    <Filter Include="GameObjects\Enemies">
      <UniqueIdentifier>{8fac1c7f-2924-4c1e-9fc3-3b0ac641346a}</UniqueIdentifier>
    </Filter>
    <Filter Include="GameObjects\Player">
      <UniqueIdentifier>{6b255ebe-9dc3-406d-91cf-7415bd8256cc}</UniqueIdentifier>
    </Filter>
    <Filter Include="GameObjects\Misc">
      <UniqueIdentifier>{12e41b40-4586-4295-b370-572531b67411}</UniqueIdentifier>
    </Filter>
    <Filter Include="Misc">
      <UniqueIdentifier>{dceee0ef-48f6-4bd8-92f0-6dd2b1e3256f}</UniqueIdentifier>
    </Filter>
  </ItemGroup>
  <ItemGroup>
    <ClCompile Include="d3d.cpp">
      <Filter>Framework</Filter>
    </ClCompile>
    <ClCompile Include="d3dUtils.cpp">
      <Filter>Framework</Filter>
    </ClCompile>
    <ClCompile Include="Gamepad.cpp">
      <Filter>Framework</Filter>
    </ClCompile>
    <ClCompile Include="MouseKeys.cpp">
      <Filter>Framework</Filter>
    </ClCompile>
    <ClCompile Include="Sprite.cpp">
      <Filter>Framework</Filter>
    </ClCompile>
    <ClCompile Include="TextureCache.cpp">
      <Filter>Framework</Filter>
    </ClCompile>
    <ClCompile Include="WindowUtils.cpp">
      <Filter>Framework</Filter>
    </ClCompile>
    <ClCompile Include="Animation.cpp">
      <Filter>Framework</Filter>
    </ClCompile>
    <ClCompile Include="main.cpp">
      <Filter>Misc</Filter>
    </ClCompile>
    <ClCompile Include="Manager.cpp">
      <Filter>Misc</Filter>
    </ClCompile>
    <ClCompile Include="Menu.cpp">
      <Filter>States</Filter>
    </ClCompile>
    <ClCompile Include="Instructions.cpp">
      <Filter>States</Filter>
    </ClCompile>
    <ClCompile Include="Settings.cpp">
      <Filter>States</Filter>
    </ClCompile>
    <ClCompile Include="Playing.cpp">
      <Filter>States</Filter>
    </ClCompile>
    <ClCompile Include="Pause.cpp">
      <Filter>States</Filter>
    </ClCompile>
    <ClCompile Include="End.cpp">
      <Filter>States</Filter>
    </ClCompile>
    <ClCompile Include="Boss.cpp">
      <Filter>GameObjects\Enemies</Filter>
    </ClCompile>
    <ClCompile Include="Enemy.cpp">
      <Filter>GameObjects\Enemies</Filter>
    </ClCompile>
    <ClCompile Include="Enemy2.cpp">
      <Filter>GameObjects\Enemies</Filter>
    </ClCompile>
    <ClCompile Include="Player.cpp">
      <Filter>GameObjects\Player</Filter>
    </ClCompile>
    <ClCompile Include="powerUp.cpp">
      <Filter>GameObjects\Player</Filter>
    </ClCompile>
    <ClCompile Include="Shield.cpp">
      <Filter>GameObjects\Player</Filter>
    </ClCompile>
    <ClCompile Include="Bullet.cpp">
      <Filter>GameObjects\Misc</Filter>
    </ClCompile>
    <ClCompile Include="Ship.cpp">
      <Filter>GameObjects\Misc</Filter>
    </ClCompile>
    <ClCompile Include="State.cpp">
      <Filter>Framework</Filter>
    </ClCompile>
    <ClCompile Include="Blockade.cpp">
      <Filter>GameObjects\Enemies</Filter>
    </ClCompile>
  </ItemGroup>
  <ItemGroup>
    <ClInclude Include="Animation.h">
      <Filter>Framework\Headers</Filter>
    </ClInclude>
    <ClInclude Include="d3d.h">
      <Filter>Framework\Headers</Filter>
    </ClInclude>
    <ClInclude Include="d3dUtils.h">
      <Filter>Framework\Headers</Filter>
    </ClInclude>
    <ClInclude Include="Gamepad.h">
      <Filter>Framework\Headers</Filter>
    </ClInclude>
    <ClInclude Include="MouseKeys.h">
      <Filter>Framework\Headers</Filter>
    </ClInclude>
    <ClInclude Include="Singleton.h">
      <Filter>Framework\Headers</Filter>
    </ClInclude>
    <ClInclude Include="Sprite.h">
      <Filter>Framework\Headers</Filter>
    </ClInclude>
    <ClInclude Include="TextureCache.h">
      <Filter>Framework\Headers</Filter>
    </ClInclude>
    <ClInclude Include="WindowUtils.h">
      <Filter>Framework\Headers</Filter>
    </ClInclude>
    <ClInclude Include="gameData.h">
      <Filter>Misc</Filter>
    </ClInclude>
    <ClInclude Include="Manager.h">
      <Filter>Misc</Filter>
    </ClInclude>
    <ClInclude Include="Menu.h">
      <Filter>States</Filter>
    </ClInclude>
    <ClInclude Include="Text.h">
      <Filter>Framework\Headers</Filter>
    </ClInclude>
    <ClInclude Include="FontCache.h">
      <Filter>Framework\Headers</Filter>
    </ClInclude>
    <ClInclude Include="Instructions.h">
      <Filter>States</Filter>
    </ClInclude>
    <ClInclude Include="Settings.h">
      <Filter>States</Filter>
    </ClInclude>
    <ClInclude Include="Playing.h">
      <Filter>States</Filter>
    </ClInclude>
    <ClInclude Include="Pause.h">
      <Filter>States</Filter>
    </ClInclude>
    <ClInclude Include="End.h">
      <Filter>States</Filter>
    </ClInclude>
    <ClInclude Include="Boss.h">
      <Filter>GameObjects\Enemies</Filter>
    </ClInclude>
    <ClInclude Include="Enemy.h">
      <Filter>GameObjects\Enemies</Filter>
    </ClInclude>
    <ClInclude Include="Enemy2.h">
      <Filter>GameObjects\Enemies</Filter>
    </ClInclude>
    <ClInclude Include="Player.h">
      <Filter>GameObjects\Player</Filter>
    </ClInclude>
    <ClInclude Include="powerUp.h">
      <Filter>GameObjects\Player</Filter>
    </ClInclude>
    <ClInclude Include="Shield.h">
      <Filter>GameObjects\Player</Filter>
    </ClInclude>
    <ClInclude Include="Bullet.h">
      <Filter>GameObjects\Misc</Filter>
    </ClInclude>
    <ClInclude Include="Ship.h">
      <Filter>GameObjects\Misc</Filter>
    </ClInclude>
    <ClInclude Include="topBar.h">
      <Filter>GameObjects\Misc</Filter>
    </ClInclude>
    <ClInclude Include="State.h">
      <Filter>Framework\Headers</Filter>
    </ClInclude>
    <ClInclude Include="Blockade.h">
      <Filter>GameObjects\Enemies</Filter>
    </ClInclude>
  </ItemGroup>
</Project>