
Microsoft Visual Studio Solution File, Format Version 12.00
# Visual Studio 15
VisualStudioVersion = 15.0.28307.1062
MinimumVisualStudioVersion = 10.0.40219.1
Project("{8BC9CEB8-8B4A-11D0-8D11-00A0C91BC942}") = "Input and scrolling", "Input and scrolling\Input and scrolling.vcxproj", "{2221CD7D-F86A-4537-B7DF-7DEA44EB4D6B}"
EndProject
Global
	GlobalSection(SolutionConfigurationPlatforms) = preSolution
		Debug|Win32 = Debug|Win32
		Debug|x64 = Debug|x64
		Debug|x86 = Debug|x86
		Release|Win32 = Release|Win32
		Release|x64 = Release|x64
		Release|x86 = Release|x86
	EndGlobalSection
	GlobalSection(ProjectConfigurationPlatforms) = postSolution
		{2221CD7D-F86A-4537-B7DF-7DEA44EB4D6B}.Debug|Win32.ActiveCfg = Debug|Win32
		{2221CD7D-F86A-4537-B7DF-7DEA44EB4D6B}.Debug|Win32.Build.0 = Debug|Win32
		{2221CD7D-F86A-4537-B7DF-7DEA44EB4D6B}.Debug|x64.ActiveCfg = Debug|x64
		{2221CD7D-F86A-4537-B7DF-7DEA44EB4D6B}.Debug|x64.Build.0 = Debug|x64
		{2221CD7D-F86A-4537-B7DF-7DEA44EB4D6B}.Debug|x86.ActiveCfg = Debug|Win32
		{2221CD7D-F86A-4537-B7DF-7DEA44EB4D6B}.Debug|x86.Build.0 = Debug|Win32
		{2221CD7D-F86A-4537-B7DF-7DEA44EB4D6B}.Release|Win32.ActiveCfg = Release|Win32
		{2221CD7D-F86A-4537-B7DF-7DEA44EB4D6B}.Release|Win32.Build.0 = Release|Win32
		{2221CD7D-F86A-4537-B7DF-7DEA44EB4D6B}.Release|x64.ActiveCfg = Release|x64
		{2221CD7D-F86A-4537-B7DF-7DEA44EB4D6B}.Release|x64.Build.0 = Release|x64
		{2221CD7D-F86A-4537-B7DF-7DEA44EB4D6B}.Release|x86.ActiveCfg = Release|Win32
		{2221CD7D-F86A-4537-B7DF-7DEA44EB4D6B}.Release|x86.Build.0 = Release|Win32
	EndGlobalSection
	GlobalSection(SolutionProperties) = preSolution
		HideSolutionNode = FALSE
	EndGlobalSection
	GlobalSection(ExtensibilityGlobals) = postSolution
		SolutionGuid = {15ED3BF9-9A29-40C0-A470-590648D528E4}
	EndGlobalSection
EndGlobal
